
Microsoft Visual Studio Solution File, Format Version 12.00
# Visual Studio Version 16
VisualStudioVersion = 16.0.34114.132
MinimumVisualStudioVersion = 10.0.40219.1
Project("{FAE04EC0-301F-11D3-BF4B-00C04F79EFBC}") = "Vector_graphics_editor", "Efremov_Kurs\Vector_graphics_editor.csproj", "{87D36997-58D2-4D41-AF6C-A89735009E4E}"
EndProject
Global
	GlobalSection(SolutionConfigurationPlatforms) = preSolution
		Debug|Any CPU = Debug|Any CPU
		Release|Any CPU = Release|Any CPU
	EndGlobalSection
	GlobalSection(ProjectConfigurationPlatforms) = postSolution
		{87D36997-58D2-4D41-AF6C-A89735009E4E}.Debug|Any CPU.ActiveCfg = Debug|Any CPU
		{87D36997-58D2-4D41-AF6C-A89735009E4E}.Debug|Any CPU.Build.0 = Debug|Any CPU
		{87D36997-58D2-4D41-AF6C-A89735009E4E}.Release|Any CPU.ActiveCfg = Release|Any CPU
		{87D36997-58D2-4D41-AF6C-A89735009E4E}.Release|Any CPU.Build.0 = Release|Any CPU
	EndGlobalSection
	GlobalSection(SolutionProperties) = preSolution
		HideSolutionNode = FALSE
	EndGlobalSection
	GlobalSection(ExtensibilityGlobals) = postSolution
		SolutionGuid = {7CB29C84-55FF-4EB7-BF7E-B7E6E1AE70DF}
	EndGlobalSection
EndGlobal
